// !$*UTF8*$!
{
	archiveVersion = 1;
	classes = {
	};
	objectVersion = 55;
	objects = {

/* Begin PBXBuildFile section */
		041383F0278601F100566F89 /* Main.storyboard in Resources */ = {isa = PBXBuildFile; fileRef = 041383EE278601F100566F89 /* Main.storyboard */; };
		0415614A278C92540005F97B /* ClienteDao.swift in Sources */ = {isa = PBXBuildFile; fileRef = 04156149278C92540005F97B /* ClienteDao.swift */; };
		042C03D9278DEACB001E25F2 /* custonButton.swift in Sources */ = {isa = PBXBuildFile; fileRef = 042C03D8278DEACB001E25F2 /* custonButton.swift */; };
		042D08BD2791CB990064A2C0 /* ImageBorder.swift in Sources */ = {isa = PBXBuildFile; fileRef = 042D08BC2791CB990064A2C0 /* ImageBorder.swift */; };
		044A607F278F47450081F074 /* donwloadURL.swift in Sources */ = {isa = PBXBuildFile; fileRef = 044A607E278F47450081F074 /* donwloadURL.swift */; };
		044A6081278F53670081F074 /* ListaDeClientesViewController.swift in Sources */ = {isa = PBXBuildFile; fileRef = 044A6080278F53670081F074 /* ListaDeClientesViewController.swift */; };
		044A6083278F5B810081F074 /* CelulaTableViewCell.swift in Sources */ = {isa = PBXBuildFile; fileRef = 044A6082278F5B810081F074 /* CelulaTableViewCell.swift */; };
		049BA86D2784A1C2002C8315 /* ClienteTableViewCela.swift in Sources */ = {isa = PBXBuildFile; fileRef = 049BA86C2784A1C2002C8315 /* ClienteTableViewCela.swift */; };
		049BA86F2784AD37002C8315 /* CadastroviewViewController.swift in Sources */ = {isa = PBXBuildFile; fileRef = 049BA86E2784AD37002C8315 /* CadastroviewViewController.swift */; };
		049BA8752784E597002C8315 /* Cliente.swift in Sources */ = {isa = PBXBuildFile; fileRef = 049BA8742784E597002C8315 /* Cliente.swift */; };
		049BA8792784E9C5002C8315 /* GoogleService-Info.plist in Resources */ = {isa = PBXBuildFile; fileRef = 049BA8782784E9C5002C8315 /* GoogleService-Info.plist */; };
		04A6ECD22783BA6700144C97 /* AppDelegate.swift in Sources */ = {isa = PBXBuildFile; fileRef = 04A6ECD12783BA6700144C97 /* AppDelegate.swift */; };
		04A6ECD42783BA6700144C97 /* SceneDelegate.swift in Sources */ = {isa = PBXBuildFile; fileRef = 04A6ECD32783BA6700144C97 /* SceneDelegate.swift */; };
		04A6ECD62783BA6700144C97 /* ListaClientesViewController.swift in Sources */ = {isa = PBXBuildFile; fileRef = 04A6ECD52783BA6700144C97 /* ListaClientesViewController.swift */; };
		04A6ECDB2783BA6800144C97 /* Assets.xcassets in Resources */ = {isa = PBXBuildFile; fileRef = 04A6ECDA2783BA6800144C97 /* Assets.xcassets */; };
		04A6ECDE2783BA6800144C97 /* LaunchScreen.storyboard in Resources */ = {isa = PBXBuildFile; fileRef = 04A6ECDC2783BA6800144C97 /* LaunchScreen.storyboard */; };
		04AF8891278E118B00C82267 /* Card.swift in Sources */ = {isa = PBXBuildFile; fileRef = 04AF8890278E118B00C82267 /* Card.swift */; };
		04AF8893278E12EA00C82267 /* NavbarTop.swift in Sources */ = {isa = PBXBuildFile; fileRef = 04AF8892278E12EA00C82267 /* NavbarTop.swift */; };
		04AF8895278E170F00C82267 /* NavButton.swift in Sources */ = {isa = PBXBuildFile; fileRef = 04AF8894278E170F00C82267 /* NavButton.swift */; };
		04E7D16B2791F83300F00507 /* CadastroTesteViewController.swift in Sources */ = {isa = PBXBuildFile; fileRef = 04E7D16A2791F83300F00507 /* CadastroTesteViewController.swift */; };
		45AA4CB3B45F4F505EF87B36 /* Pods_teste1.framework in Frameworks */ = {isa = PBXBuildFile; fileRef = 979C159FDDFF16228B200471 /* Pods_teste1.framework */; };
/* End PBXBuildFile section */

/* Begin PBXFileReference section */
		041383EF278601F100566F89 /* Base */ = {isa = PBXFileReference; lastKnownFileType = file.storyboard; name = Base; path = Base.lproj/Main.storyboard; sourceTree = "<group>"; };
		04156149278C92540005F97B /* ClienteDao.swift */ = {isa = PBXFileReference; lastKnownFileType = sourcecode.swift; path = ClienteDao.swift; sourceTree = "<group>"; };
		0415614D278CA25A0005F97B /* .gitignore.swift */ = {isa = PBXFileReference; lastKnownFileType = sourcecode.swift; path = .gitignore.swift; sourceTree = "<group>"; };
		042C03D8278DEACB001E25F2 /* custonButton.swift */ = {isa = PBXFileReference; lastKnownFileType = sourcecode.swift; path = custonButton.swift; sourceTree = "<group>"; };
		042D08BC2791CB990064A2C0 /* ImageBorder.swift */ = {isa = PBXFileReference; lastKnownFileType = sourcecode.swift; path = ImageBorder.swift; sourceTree = "<group>"; };
		044A607E278F47450081F074 /* donwloadURL.swift */ = {isa = PBXFileReference; lastKnownFileType = sourcecode.swift; path = donwloadURL.swift; sourceTree = "<group>"; };
		044A6080278F53670081F074 /* ListaDeClientesViewController.swift */ = {isa = PBXFileReference; lastKnownFileType = sourcecode.swift; path = ListaDeClientesViewController.swift; sourceTree = "<group>"; };
		044A6082278F5B810081F074 /* CelulaTableViewCell.swift */ = {isa = PBXFileReference; lastKnownFileType = sourcecode.swift; path = CelulaTableViewCell.swift; sourceTree = "<group>"; };
		049BA86C2784A1C2002C8315 /* ClienteTableViewCela.swift */ = {isa = PBXFileReference; lastKnownFileType = sourcecode.swift; path = ClienteTableViewCela.swift; sourceTree = "<group>"; };
		049BA86E2784AD37002C8315 /* CadastroviewViewController.swift */ = {isa = PBXFileReference; lastKnownFileType = sourcecode.swift; path = CadastroviewViewController.swift; sourceTree = "<group>"; };
		049BA8742784E597002C8315 /* Cliente.swift */ = {isa = PBXFileReference; lastKnownFileType = sourcecode.swift; path = Cliente.swift; sourceTree = "<group>"; };
		049BA8782784E9C5002C8315 /* GoogleService-Info.plist */ = {isa = PBXFileReference; fileEncoding = 4; lastKnownFileType = text.plist.xml; path = "GoogleService-Info.plist"; sourceTree = "<group>"; };
		04A6ECCE2783BA6700144C97 /* teste1.app */ = {isa = PBXFileReference; explicitFileType = wrapper.application; includeInIndex = 0; path = teste1.app; sourceTree = BUILT_PRODUCTS_DIR; };
		04A6ECD12783BA6700144C97 /* AppDelegate.swift */ = {isa = PBXFileReference; lastKnownFileType = sourcecode.swift; path = AppDelegate.swift; sourceTree = "<group>"; };
		04A6ECD32783BA6700144C97 /* SceneDelegate.swift */ = {isa = PBXFileReference; lastKnownFileType = sourcecode.swift; path = SceneDelegate.swift; sourceTree = "<group>"; };
		04A6ECD52783BA6700144C97 /* ListaClientesViewController.swift */ = {isa = PBXFileReference; lastKnownFileType = sourcecode.swift; path = ListaClientesViewController.swift; sourceTree = "<group>"; };
		04A6ECDA2783BA6800144C97 /* Assets.xcassets */ = {isa = PBXFileReference; lastKnownFileType = folder.assetcatalog; path = Assets.xcassets; sourceTree = "<group>"; };
		04A6ECDD2783BA6800144C97 /* Base */ = {isa = PBXFileReference; lastKnownFileType = file.storyboard; name = Base; path = Base.lproj/LaunchScreen.storyboard; sourceTree = "<group>"; };
		04A6ECDF2783BA6800144C97 /* Info.plist */ = {isa = PBXFileReference; lastKnownFileType = text.plist.xml; path = Info.plist; sourceTree = "<group>"; };
		04AF8890278E118B00C82267 /* Card.swift */ = {isa = PBXFileReference; lastKnownFileType = sourcecode.swift; path = Card.swift; sourceTree = "<group>"; };
		04AF8892278E12EA00C82267 /* NavbarTop.swift */ = {isa = PBXFileReference; lastKnownFileType = sourcecode.swift; path = NavbarTop.swift; sourceTree = "<group>"; };
		04AF8894278E170F00C82267 /* NavButton.swift */ = {isa = PBXFileReference; lastKnownFileType = sourcecode.swift; path = NavButton.swift; sourceTree = "<group>"; };
		04E7D16A2791F83300F00507 /* CadastroTesteViewController.swift */ = {isa = PBXFileReference; lastKnownFileType = sourcecode.swift; path = CadastroTesteViewController.swift; sourceTree = "<group>"; };
		405E482D0659BCBE8D0518BA /* Pods-teste1.debug.xcconfig */ = {isa = PBXFileReference; includeInIndex = 1; lastKnownFileType = text.xcconfig; name = "Pods-teste1.debug.xcconfig"; path = "Target Support Files/Pods-teste1/Pods-teste1.debug.xcconfig"; sourceTree = "<group>"; };
		979C159FDDFF16228B200471 /* Pods_teste1.framework */ = {isa = PBXFileReference; explicitFileType = wrapper.framework; includeInIndex = 0; path = Pods_teste1.framework; sourceTree = BUILT_PRODUCTS_DIR; };
		B7015CC0406AEE8791B53521 /* Pods-teste1.release.xcconfig */ = {isa = PBXFileReference; includeInIndex = 1; lastKnownFileType = text.xcconfig; name = "Pods-teste1.release.xcconfig"; path = "Target Support Files/Pods-teste1/Pods-teste1.release.xcconfig"; sourceTree = "<group>"; };
/* End PBXFileReference section */

/* Begin PBXFrameworksBuildPhase section */
		04A6ECCB2783BA6700144C97 /* Frameworks */ = {
			isa = PBXFrameworksBuildPhase;
			buildActionMask = 2147483647;
			files = (
				45AA4CB3B45F4F505EF87B36 /* Pods_teste1.framework in Frameworks */,
			);
			runOnlyForDeploymentPostprocessing = 0;
		};
/* End PBXFrameworksBuildPhase section */

/* Begin PBXGroup section */
		04156148278C92360005F97B /* ClienteDao */ = {
			isa = PBXGroup;
			children = (
				044A607E278F47450081F074 /* donwloadURL.swift */,
				04156149278C92540005F97B /* ClienteDao.swift */,
			);
			path = ClienteDao;
			sourceTree = "<group>";
		};
		042C03D7278DEA8B001E25F2 /* Custom */ = {
			isa = PBXGroup;
			children = (
				042C03D8278DEACB001E25F2 /* custonButton.swift */,
				04AF8890278E118B00C82267 /* Card.swift */,
				04AF8892278E12EA00C82267 /* NavbarTop.swift */,
				04AF8894278E170F00C82267 /* NavButton.swift */,
				042D08BC2791CB990064A2C0 /* ImageBorder.swift */,
			);
			path = Custom;
			sourceTree = "<group>";
		};
		049BA8732784E57F002C8315 /* Model */ = {
			isa = PBXGroup;
			children = (
				049BA86C2784A1C2002C8315 /* ClienteTableViewCela.swift */,
				049BA8742784E597002C8315 /* Cliente.swift */,
				044A6082278F5B810081F074 /* CelulaTableViewCell.swift */,
			);
			path = Model;
			sourceTree = "<group>";
		};
		049BA8762784E81C002C8315 /* View */ = {
			isa = PBXGroup;
			children = (
				041383EE278601F100566F89 /* Main.storyboard */,
				04A6ECDC2783BA6800144C97 /* LaunchScreen.storyboard */,
			);
			path = View;
			sourceTree = "<group>";
		};
		049BA8772784E832002C8315 /* Controller */ = {
			isa = PBXGroup;
			children = (
				049BA86E2784AD37002C8315 /* CadastroviewViewController.swift */,
				04A6ECD52783BA6700144C97 /* ListaClientesViewController.swift */,
				044A6080278F53670081F074 /* ListaDeClientesViewController.swift */,
				04E7D16A2791F83300F00507 /* CadastroTesteViewController.swift */,
			);
			path = Controller;
			sourceTree = "<group>";
		};
		04A6ECC52783BA6700144C97 = {
			isa = PBXGroup;
			children = (
				0415614D278CA25A0005F97B /* .gitignore.swift */,
				04A6ECD02783BA6700144C97 /* teste1 */,
				04A6ECCF2783BA6700144C97 /* Products */,
				4B7C89B1DE8A562221295465 /* Pods */,
				3B1A6B950575F91A91774DF6 /* Frameworks */,
			);
			sourceTree = "<group>";
		};
		04A6ECCF2783BA6700144C97 /* Products */ = {
			isa = PBXGroup;
			children = (
				04A6ECCE2783BA6700144C97 /* teste1.app */,
			);
			name = Products;
			sourceTree = "<group>";
		};
		04A6ECD02783BA6700144C97 /* teste1 */ = {
			isa = PBXGroup;
			children = (
				04A6ECD32783BA6700144C97 /* SceneDelegate.swift */,
				04A6ECD12783BA6700144C97 /* AppDelegate.swift */,
				042C03D7278DEA8B001E25F2 /* Custom */,
				04156148278C92360005F97B /* ClienteDao */,
				049BA8772784E832002C8315 /* Controller */,
				049BA8762784E81C002C8315 /* View */,
				049BA8732784E57F002C8315 /* Model */,
				04A6ECDA2783BA6800144C97 /* Assets.xcassets */,
				049BA8782784E9C5002C8315 /* GoogleService-Info.plist */,
				04A6ECDF2783BA6800144C97 /* Info.plist */,
			);
			path = teste1;
			sourceTree = "<group>";
		};
		3B1A6B950575F91A91774DF6 /* Frameworks */ = {
			isa = PBXGroup;
			children = (
				979C159FDDFF16228B200471 /* Pods_teste1.framework */,
			);
			name = Frameworks;
			sourceTree = "<group>";
		};
		4B7C89B1DE8A562221295465 /* Pods */ = {
			isa = PBXGroup;
			children = (
				405E482D0659BCBE8D0518BA /* Pods-teste1.debug.xcconfig */,
				B7015CC0406AEE8791B53521 /* Pods-teste1.release.xcconfig */,
			);
			path = Pods;
			sourceTree = "<group>";
		};
/* End PBXGroup section */

/* Begin PBXNativeTarget section */
		04A6ECCD2783BA6700144C97 /* teste1 */ = {
			isa = PBXNativeTarget;
			buildConfigurationList = 04A6ECE22783BA6800144C97 /* Build configuration list for PBXNativeTarget "teste1" */;
			buildPhases = (
				A284D16DD910EF8C201AF804 /* [CP] Check Pods Manifest.lock */,
				04A6ECCA2783BA6700144C97 /* Sources */,
				04A6ECCB2783BA6700144C97 /* Frameworks */,
				04A6ECCC2783BA6700144C97 /* Resources */,
				F515F0B620C1DDF353FE8009 /* [CP] Embed Pods Frameworks */,
			);
			buildRules = (
			);
			dependencies = (
			);
			name = teste1;
			productName = teste1;
			productReference = 04A6ECCE2783BA6700144C97 /* teste1.app */;
			productType = "com.apple.product-type.application";
		};
/* End PBXNativeTarget section */

/* Begin PBXProject section */
		04A6ECC62783BA6700144C97 /* Project object */ = {
			isa = PBXProject;
			attributes = {
				BuildIndependentTargetsInParallel = 1;
				LastSwiftUpdateCheck = 1310;
				LastUpgradeCheck = 1310;
				TargetAttributes = {
					04A6ECCD2783BA6700144C97 = {
						CreatedOnToolsVersion = 13.1;
					};
				};
			};
			buildConfigurationList = 04A6ECC92783BA6700144C97 /* Build configuration list for PBXProject "teste1" */;
			compatibilityVersion = "Xcode 13.0";
			developmentRegion = en;
			hasScannedForEncodings = 0;
			knownRegions = (
				en,
				Base,
			);
			mainGroup = 04A6ECC52783BA6700144C97;
			productRefGroup = 04A6ECCF2783BA6700144C97 /* Products */;
			projectDirPath = "";
			projectRoot = "";
			targets = (
				04A6ECCD2783BA6700144C97 /* teste1 */,
			);
		};
/* End PBXProject section */

/* Begin PBXResourcesBuildPhase section */
		04A6ECCC2783BA6700144C97 /* Resources */ = {
			isa = PBXResourcesBuildPhase;
			buildActionMask = 2147483647;
			files = (
				04A6ECDE2783BA6800144C97 /* LaunchScreen.storyboard in Resources */,
				04A6ECDB2783BA6800144C97 /* Assets.xcassets in Resources */,
				049BA8792784E9C5002C8315 /* GoogleService-Info.plist in Resources */,
				041383F0278601F100566F89 /* Main.storyboard in Resources */,
			);
			runOnlyForDeploymentPostprocessing = 0;
		};
/* End PBXResourcesBuildPhase section */

/* Begin PBXShellScriptBuildPhase section */
		A284D16DD910EF8C201AF804 /* [CP] Check Pods Manifest.lock */ = {
			isa = PBXShellScriptBuildPhase;
			buildActionMask = 2147483647;
			files = (
			);
			inputFileListPaths = (
			);
			inputPaths = (
				"${PODS_PODFILE_DIR_PATH}/Podfile.lock",
				"${PODS_ROOT}/Manifest.lock",
			);
			name = "[CP] Check Pods Manifest.lock";
			outputFileListPaths = (
			);
			outputPaths = (
				"$(DERIVED_FILE_DIR)/Pods-teste1-checkManifestLockResult.txt",
			);
			runOnlyForDeploymentPostprocessing = 0;
			shellPath = /bin/sh;
			shellScript = "diff \"${PODS_PODFILE_DIR_PATH}/Podfile.lock\" \"${PODS_ROOT}/Manifest.lock\" > /dev/null\nif [ $? != 0 ] ; then\n    # print error to STDERR\n    echo \"error: The sandbox is not in sync with the Podfile.lock. Run 'pod install' or update your CocoaPods installation.\" >&2\n    exit 1\nfi\n# This output is used by Xcode 'outputs' to avoid re-running this script phase.\necho \"SUCCESS\" > \"${SCRIPT_OUTPUT_FILE_0}\"\n";
			showEnvVarsInLog = 0;
		};
		F515F0B620C1DDF353FE8009 /* [CP] Embed Pods Frameworks */ = {
			isa = PBXShellScriptBuildPhase;
			buildActionMask = 2147483647;
			files = (
			);
			inputFileListPaths = (
				"${PODS_ROOT}/Target Support Files/Pods-teste1/Pods-teste1-frameworks-${CONFIGURATION}-input-files.xcfilelist",
			);
			name = "[CP] Embed Pods Frameworks";
			outputFileListPaths = (
				"${PODS_ROOT}/Target Support Files/Pods-teste1/Pods-teste1-frameworks-${CONFIGURATION}-output-files.xcfilelist",
			);
			runOnlyForDeploymentPostprocessing = 0;
			shellPath = /bin/sh;
			shellScript = "\"${PODS_ROOT}/Target Support Files/Pods-teste1/Pods-teste1-frameworks.sh\"\n";
			showEnvVarsInLog = 0;
		};
/* End PBXShellScriptBuildPhase section */

/* Begin PBXSourcesBuildPhase section */
		04A6ECCA2783BA6700144C97 /* Sources */ = {
			isa = PBXSourcesBuildPhase;
			buildActionMask = 2147483647;
			files = (
				0415614A278C92540005F97B /* ClienteDao.swift in Sources */,
				04AF8891278E118B00C82267 /* Card.swift in Sources */,
				04A6ECD62783BA6700144C97 /* ListaClientesViewController.swift in Sources */,
				04E7D16B2791F83300F00507 /* CadastroTesteViewController.swift in Sources */,
				04AF8893278E12EA00C82267 /* NavbarTop.swift in Sources */,
				049BA86D2784A1C2002C8315 /* ClienteTableViewCela.swift in Sources */,
				042D08BD2791CB990064A2C0 /* ImageBorder.swift in Sources */,
				044A6081278F53670081F074 /* ListaDeClientesViewController.swift in Sources */,
				049BA86F2784AD37002C8315 /* CadastroviewViewController.swift in Sources */,
				04A6ECD22783BA6700144C97 /* AppDelegate.swift in Sources */,
				042C03D9278DEACB001E25F2 /* custonButton.swift in Sources */,
				049BA8752784E597002C8315 /* Cliente.swift in Sources */,
				04AF8895278E170F00C82267 /* NavButton.swift in Sources */,
				04A6ECD42783BA6700144C97 /* SceneDelegate.swift in Sources */,
				044A607F278F47450081F074 /* donwloadURL.swift in Sources */,
				044A6083278F5B810081F074 /* CelulaTableViewCell.swift in Sources */,
			);
			runOnlyForDeploymentPostprocessing = 0;
		};
/* End PBXSourcesBuildPhase section */

/* Begin PBXVariantGroup section */
		041383EE278601F100566F89 /* Main.storyboard */ = {
			isa = PBXVariantGroup;
			children = (
				041383EF278601F100566F89 /* Base */,
			);
			name = Main.storyboard;
			sourceTree = "<group>";
		};
		04A6ECDC2783BA6800144C97 /* LaunchScreen.storyboard */ = {
			isa = PBXVariantGroup;
			children = (
				04A6ECDD2783BA6800144C97 /* Base */,
			);
			name = LaunchScreen.storyboard;
			sourceTree = "<group>";
		};
/* End PBXVariantGroup section */

/* Begin XCBuildConfiguration section */
		04A6ECE02783BA6800144C97 /* Debug */ = {
			isa = XCBuildConfiguration;
			buildSettings = {
				ALWAYS_SEARCH_USER_PATHS = NO;
				CLANG_ANALYZER_NONNULL = YES;
				CLANG_ANALYZER_NUMBER_OBJECT_CONVERSION = YES_AGGRESSIVE;
				CLANG_CXX_LANGUAGE_STANDARD = "gnu++17";
				CLANG_CXX_LIBRARY = "libc++";
				CLANG_ENABLE_MODULES = YES;
				CLANG_ENABLE_OBJC_ARC = YES;
				CLANG_ENABLE_OBJC_WEAK = YES;
				CLANG_WARN_BLOCK_CAPTURE_AUTORELEASING = YES;
				CLANG_WARN_BOOL_CONVERSION = YES;
				CLANG_WARN_COMMA = YES;
				CLANG_WARN_CONSTANT_CONVERSION = YES;
				CLANG_WARN_DEPRECATED_OBJC_IMPLEMENTATIONS = YES;
				CLANG_WARN_DIRECT_OBJC_ISA_USAGE = YES_ERROR;
				CLANG_WARN_DOCUMENTATION_COMMENTS = YES;
				CLANG_WARN_EMPTY_BODY = YES;
				CLANG_WARN_ENUM_CONVERSION = YES;
				CLANG_WARN_INFINITE_RECURSION = YES;
				CLANG_WARN_INT_CONVERSION = YES;
				CLANG_WARN_NON_LITERAL_NULL_CONVERSION = YES;
				CLANG_WARN_OBJC_IMPLICIT_RETAIN_SELF = YES;
				CLANG_WARN_OBJC_LITERAL_CONVERSION = YES;
				CLANG_WARN_OBJC_ROOT_CLASS = YES_ERROR;
				CLANG_WARN_QUOTED_INCLUDE_IN_FRAMEWORK_HEADER = YES;
				CLANG_WARN_RANGE_LOOP_ANALYSIS = YES;
				CLANG_WARN_STRICT_PROTOTYPES = YES;
				CLANG_WARN_SUSPICIOUS_MOVE = YES;
				CLANG_WARN_UNGUARDED_AVAILABILITY = YES_AGGRESSIVE;
				CLANG_WARN_UNREACHABLE_CODE = YES;
				CLANG_WARN__DUPLICATE_METHOD_MATCH = YES;
				COPY_PHASE_STRIP = NO;
				DEBUG_INFORMATION_FORMAT = dwarf;
				ENABLE_STRICT_OBJC_MSGSEND = YES;
				ENABLE_TESTABILITY = YES;
				GCC_C_LANGUAGE_STANDARD = gnu11;
				GCC_DYNAMIC_NO_PIC = NO;
				GCC_NO_COMMON_BLOCKS = YES;
				GCC_OPTIMIZATION_LEVEL = 0;
				GCC_PREPROCESSOR_DEFINITIONS = (
					"DEBUG=1",
					"$(inherited)",
				);
				GCC_WARN_64_TO_32_BIT_CONVERSION = YES;
				GCC_WARN_ABOUT_RETURN_TYPE = YES_ERROR;
				GCC_WARN_UNDECLARED_SELECTOR = YES;
				GCC_WARN_UNINITIALIZED_AUTOS = YES_AGGRESSIVE;
				GCC_WARN_UNUSED_FUNCTION = YES;
				GCC_WARN_UNUSED_VARIABLE = YES;
				IPHONEOS_DEPLOYMENT_TARGET = 12.0;
				MTL_ENABLE_DEBUG_INFO = INCLUDE_SOURCE;
				MTL_FAST_MATH = YES;
				ONLY_ACTIVE_ARCH = YES;
				SDKROOT = iphoneos;
				SWIFT_ACTIVE_COMPILATION_CONDITIONS = DEBUG;
				SWIFT_OPTIMIZATION_LEVEL = "-Onone";
			};
			name = Debug;
		};
		04A6ECE12783BA6800144C97 /* Release */ = {
			isa = XCBuildConfiguration;
			buildSettings = {
				ALWAYS_SEARCH_USER_PATHS = NO;
				CLANG_ANALYZER_NONNULL = YES;
				CLANG_ANALYZER_NUMBER_OBJECT_CONVERSION = YES_AGGRESSIVE;
				CLANG_CXX_LANGUAGE_STANDARD = "gnu++17";
				CLANG_CXX_LIBRARY = "libc++";
				CLANG_ENABLE_MODULES = YES;
				CLANG_ENABLE_OBJC_ARC = YES;
				CLANG_ENABLE_OBJC_WEAK = YES;
				CLANG_WARN_BLOCK_CAPTURE_AUTORELEASING = YES;
				CLANG_WARN_BOOL_CONVERSION = YES;
				CLANG_WARN_COMMA = YES;
				CLANG_WARN_CONSTANT_CONVERSION = YES;
				CLANG_WARN_DEPRECATED_OBJC_IMPLEMENTATIONS = YES;
				CLANG_WARN_DIRECT_OBJC_ISA_USAGE = YES_ERROR;
				CLANG_WARN_DOCUMENTATION_COMMENTS = YES;
				CLANG_WARN_EMPTY_BODY = YES;
				CLANG_WARN_ENUM_CONVERSION = YES;
				CLANG_WARN_INFINITE_RECURSION = YES;
				CLANG_WARN_INT_CONVERSION = YES;
				CLANG_WARN_NON_LITERAL_NULL_CONVERSION = YES;
				CLANG_WARN_OBJC_IMPLICIT_RETAIN_SELF = YES;
				CLANG_WARN_OBJC_LITERAL_CONVERSION = YES;
				CLANG_WARN_OBJC_ROOT_CLASS = YES_ERROR;
				CLANG_WARN_QUOTED_INCLUDE_IN_FRAMEWORK_HEADER = YES;
				CLANG_WARN_RANGE_LOOP_ANALYSIS = YES;
				CLANG_WARN_STRICT_PROTOTYPES = YES;
				CLANG_WARN_SUSPICIOUS_MOVE = YES;
				CLANG_WARN_UNGUARDED_AVAILABILITY = YES_AGGRESSIVE;
				CLANG_WARN_UNREACHABLE_CODE = YES;
				CLANG_WARN__DUPLICATE_METHOD_MATCH = YES;
				COPY_PHASE_STRIP = NO;
				DEBUG_INFORMATION_FORMAT = "dwarf-with-dsym";
				ENABLE_NS_ASSERTIONS = NO;
				ENABLE_STRICT_OBJC_MSGSEND = YES;
				GCC_C_LANGUAGE_STANDARD = gnu11;
				GCC_NO_COMMON_BLOCKS = YES;
				GCC_WARN_64_TO_32_BIT_CONVERSION = YES;
				GCC_WARN_ABOUT_RETURN_TYPE = YES_ERROR;
				GCC_WARN_UNDECLARED_SELECTOR = YES;
				GCC_WARN_UNINITIALIZED_AUTOS = YES_AGGRESSIVE;
				GCC_WARN_UNUSED_FUNCTION = YES;
				GCC_WARN_UNUSED_VARIABLE = YES;
				IPHONEOS_DEPLOYMENT_TARGET = 12.0;
				MTL_ENABLE_DEBUG_INFO = NO;
				MTL_FAST_MATH = YES;
				SDKROOT = iphoneos;
				SWIFT_COMPILATION_MODE = wholemodule;
				SWIFT_OPTIMIZATION_LEVEL = "-O";
				VALIDATE_PRODUCT = YES;
			};
			name = Release;
		};
		04A6ECE32783BA6800144C97 /* Debug */ = {
			isa = XCBuildConfiguration;
			baseConfigurationReference = 405E482D0659BCBE8D0518BA /* Pods-teste1.debug.xcconfig */;
			buildSettings = {
				ASSETCATALOG_COMPILER_APPICON_NAME = AppIcon;
				ASSETCATALOG_COMPILER_GLOBAL_ACCENT_COLOR_NAME = AccentColor;
				CODE_SIGN_STYLE = Automatic;
				CURRENT_PROJECT_VERSION = 1;
				DEVELOPMENT_TEAM = 46C6S458SL;
				GENERATE_INFOPLIST_FILE = YES;
				INFOPLIST_FILE = teste1/Info.plist;
				INFOPLIST_KEY_UIApplicationSupportsIndirectInputEvents = YES;
				INFOPLIST_KEY_UILaunchStoryboardName = LaunchScreen;
				INFOPLIST_KEY_UIMainStoryboardFile = Main;
				INFOPLIST_KEY_UISupportedInterfaceOrientations = UIInterfaceOrientationPortrait;
				INFOPLIST_KEY_UISupportedInterfaceOrientations_iPad = "UIInterfaceOrientationPortrait UIInterfaceOrientationPortraitUpsideDown UIInterfaceOrientationLandscapeLeft UIInterfaceOrientationLandscapeRight";
				INFOPLIST_KEY_UISupportedInterfaceOrientations_iPhone = "UIInterfaceOrientationPortrait UIInterfaceOrientationLandscapeLeft UIInterfaceOrientationLandscapeRight";
				IPHONEOS_DEPLOYMENT_TARGET = 13.0;
				LD_RUNPATH_SEARCH_PATHS = (
					"$(inherited)",
					"@executable_path/Frameworks",
				);
				MARKETING_VERSION = 1.0;
				PRODUCT_BUNDLE_IDENTIFIER = com.cursoios.teste1;
				PRODUCT_NAME = "$(TARGET_NAME)";
				SWIFT_EMIT_LOC_STRINGS = YES;
				SWIFT_VERSION = 5.0;
				TARGETED_DEVICE_FAMILY = "1,2";
			};
			name = Debug;
		};
		04A6ECE42783BA6800144C97 /* Release */ = {
			isa = XCBuildConfiguration;
			baseConfigurationReference = B7015CC0406AEE8791B53521 /* Pods-teste1.release.xcconfig */;
			buildSettings = {
				ASSETCATALOG_COMPILER_APPICON_NAME = AppIcon;
				ASSETCATALOG_COMPILER_GLOBAL_ACCENT_COLOR_NAME = AccentColor;
				CODE_SIGN_STYLE = Automatic;
				CURRENT_PROJECT_VERSION = 1;
				DEVELOPMENT_TEAM = 46C6S458SL;
				GENERATE_INFOPLIST_FILE = YES;
				INFOPLIST_FILE = teste1/Info.plist;
				INFOPLIST_KEY_UIApplicationSupportsIndirectInputEvents = YES;
				INFOPLIST_KEY_UILaunchStoryboardName = LaunchScreen;
				INFOPLIST_KEY_UIMainStoryboardFile = Main;
				INFOPLIST_KEY_UISupportedInterfaceOrientations = UIInterfaceOrientationPortrait;
				INFOPLIST_KEY_UISupportedInterfaceOrientations_iPad = "UIInterfaceOrientationPortrait UIInterfaceOrientationPortraitUpsideDown UIInterfaceOrientationLandscapeLeft UIInterfaceOrientationLandscapeRight";
				INFOPLIST_KEY_UISupportedInterfaceOrientations_iPhone = "UIInterfaceOrientationPortrait UIInterfaceOrientationLandscapeLeft UIInterfaceOrientationLandscapeRight";
				IPHONEOS_DEPLOYMENT_TARGET = 13.0;
				LD_RUNPATH_SEARCH_PATHS = (
					"$(inherited)",
					"@executable_path/Frameworks",
				);
				MARKETING_VERSION = 1.0;
				PRODUCT_BUNDLE_IDENTIFIER = com.cursoios.teste1;
				PRODUCT_NAME = "$(TARGET_NAME)";
				SWIFT_EMIT_LOC_STRINGS = YES;
				SWIFT_VERSION = 5.0;
				TARGETED_DEVICE_FAMILY = "1,2";
			};
			name = Release;
		};
/* End XCBuildConfiguration section */

/* Begin XCConfigurationList section */
		04A6ECC92783BA6700144C97 /* Build configuration list for PBXProject "teste1" */ = {
			isa = XCConfigurationList;
			buildConfigurations = (
				04A6ECE02783BA6800144C97 /* Debug */,
				04A6ECE12783BA6800144C97 /* Release */,
			);
			defaultConfigurationIsVisible = 0;
			defaultConfigurationName = Release;
		};
		04A6ECE22783BA6800144C97 /* Build configuration list for PBXNativeTarget "teste1" */ = {
			isa = XCConfigurationList;
			buildConfigurations = (
				04A6ECE32783BA6800144C97 /* Debug */,
				04A6ECE42783BA6800144C97 /* Release */,
			);
			defaultConfigurationIsVisible = 0;
			defaultConfigurationName = Release;
		};
/* End XCConfigurationList section */
	};
	rootObject = 04A6ECC62783BA6700144C97 /* Project object */;
}
